PODS:
  - Alamofire (5.6.2)
  - ExytePopupView (1.2.1)
  - Introspect (0.1.4)
  - SwiftLint (0.49.1)

DEPENDENCIES:
  - Alamofire
  - ExytePopupView
  - Introspect
  - SwiftLint

SPEC REPOS:
  trunk:
    - Alamofire
    - ExytePopupView
    - Introspect
    - SwiftLint

SPEC CHECKSUMS:
  Alamofire: d368e1ff8a298e6dde360e35a3e68e6c610e7204
  ExytePopupView: e0554c9713665a386a54b356c596858811e84621
  Introspect: b62c4dd2063072327c21d618ef2bedc3c87bc366
  SwiftLint: 32ee33ded0636d0905ef6911b2b67bbaeeedafa5

PODFILE CHECKSUM: 869012bece0bb1561d1a64ad48c34a468dadda80

COCOAPODS: 1.11.3
