PODS:
  - Alamofire (5.6.1)
  - SwiftLint (0.47.1)

DEPENDENCIES:
  - Alamofire
  - SwiftLint

SPEC REPOS:
  trunk:
    - Alamofire
    - SwiftLint

SPEC CHECKSUMS:
  Alamofire: 87bd8c952f9a4454320fce00d9cc3de57bcadaf5
  SwiftLint: f80f1be7fa96d30e0aa68e58d45d4ea1ccaac519

PODFILE CHECKSUM: 22620865bc0d3303fc4a46e5bd3e35c27f6b4836

COCOAPODS: 1.11.3
